
Microsoft Visual Studio Solution File, Format Version 12.00
# Visual Studio Version 17
VisualStudioVersion = 17.3.32825.248
MinimumVisualStudioVersion = 10.0.40219.1
Project("{FAE04EC0-301F-11D3-BF4B-00C04F79EFBC}") = "AddCategoryDbFirst", "PhoneBooks\AddCategoryDbFirst.csproj", "{72BDAD54-DC2E-4675-A8F2-85E4E40BD469}"
EndProject
Global
	GlobalSection(SolutionConfigurationPlatforms) = preSolution
		Debug|Any CPU = Debug|Any CPU
		Release|Any CPU = Release|Any CPU
	EndGlobalSection
	GlobalSection(ProjectConfigurationPlatforms) = postSolution
		{72BDAD54-DC2E-4675-A8F2-85E4E40BD469}.Debug|Any CPU.ActiveCfg = Debug|Any CPU
		{72BDAD54-DC2E-4675-A8F2-85E4E40BD469}.Debug|Any CPU.Build.0 = Debug|Any CPU
		{72BDAD54-DC2E-4675-A8F2-85E4E40BD469}.Release|Any CPU.ActiveCfg = Release|Any CPU
		{72BDAD54-DC2E-4675-A8F2-85E4E40BD469}.Release|Any CPU.Build.0 = Release|Any CPU
	EndGlobalSection
	GlobalSection(SolutionProperties) = preSolution
		HideSolutionNode = FALSE
	EndGlobalSection
	GlobalSection(ExtensibilityGlobals) = postSolution
		SolutionGuid = {60B34F35-B63B-4399-A6A1-1C2C801E80E6}
	EndGlobalSection
EndGlobal
